<?xml version="1.0" encoding="utf-8"?>
<Project ToolsVersion="4.0" xmlns="http://schemas.microsoft.com/developer/msbuild/2003">
  <ItemGroup>
    <Filter Include="Source Files">
      <UniqueIdentifier>{d21e55fe-2876-4fd9-8d28-24f7fd9216d9}</UniqueIdentifier>
      <Extensions>cpp;c;cxx;rc;def;r;odl;idl;hpj;bat</Extensions>
    </Filter>
    <Filter Include="Source Files\Header Files">
      <UniqueIdentifier>{bd6f79a6-7fe6-4761-adcb-29cdc482ee9b}</UniqueIdentifier>
      <Extensions>h;hpp;hxx;hm;inl</Extensions>
    </Filter>
  </ItemGroup>
  <ItemGroup>
    <ClInclude Include="..\game\be_aas.h">
      <Filter>Source Files\Header Files</Filter>
    </ClInclude>
    <ClInclude Include="..\game\be_ai_char.h">
      <Filter>Source Files\Header Files</Filter>
    </ClInclude>
    <ClInclude Include="..\game\be_ai_chat.h">
      <Filter>Source Files\Header Files</Filter>
    </ClInclude>
    <ClInclude Include="..\game\be_ai_gen.h">
      <Filter>Source Files\Header Files</Filter>
    </ClInclude>
    <ClInclude Include="..\game\be_ai_goal.h">
      <Filter>Source Files\Header Files</Filter>
    </ClInclude>
    <ClInclude Include="..\game\be_ai_move.h">
      <Filter>Source Files\Header Files</Filter>
    </ClInclude>
    <ClInclude Include="..\game\be_ai_weap.h">
      <Filter>Source Files\Header Files</Filter>
    </ClInclude>
    <ClInclude Include="..\game\be_ea.h">
      <Filter>Source Files\Header Files</Filter>
    </ClInclude>
    <ClInclude Include="..\game\botlib.h">
      <Filter>Source Files\Header Files</Filter>
    </ClInclude>
    <ClInclude Include="..\game\q_shared.h">
      <Filter>Source Files\Header Files</Filter>
    </ClInclude>
    <ClInclude Include="..\game\surfaceflags.h">
      <Filter>Source Files\Header Files</Filter>
    </ClInclude>
    <ClInclude Include="..\qcommon\cm_public.h">
      <Filter>Source Files\Header Files</Filter>
    </ClInclude>
    <ClInclude Include="..\qcommon\disablewarnings.h">
      <Filter>Source Files\Header Files</Filter>
    </ClInclude>
    <ClInclude Include="..\qcommon\qcommon.h">
      <Filter>Source Files\Header Files</Filter>
    </ClInclude>
    <ClInclude Include="..\qcommon\qfiles.h">
      <Filter>Source Files\Header Files</Filter>
    </ClInclude>
    <ClInclude Include="..\qcommon\tags.h">
      <Filter>Source Files\Header Files</Filter>
    </ClInclude>
    <ClInclude Include="..\server\server.h">
      <Filter>Source Files\Header Files</Filter>
    </ClInclude>
    <ClInclude Include="aasfile.h">
      <Filter>Source Files\Header Files</Filter>
    </ClInclude>
    <ClInclude Include="be_aas_bsp.h">
      <Filter>Source Files\Header Files</Filter>
    </ClInclude>
    <ClInclude Include="be_aas_cluster.h">
      <Filter>Source Files\Header Files</Filter>
    </ClInclude>
    <ClInclude Include="be_aas_debug.h">
      <Filter>Source Files\Header Files</Filter>
    </ClInclude>
    <ClInclude Include="be_aas_def.h">
      <Filter>Source Files\Header Files</Filter>
    </ClInclude>
    <ClInclude Include="be_aas_entity.h">
      <Filter>Source Files\Header Files</Filter>
    </ClInclude>
    <ClInclude Include="be_aas_file.h">
      <Filter>Source Files\Header Files</Filter>
    </ClInclude>
    <ClInclude Include="be_aas_funcs.h">
      <Filter>Source Files\Header Files</Filter>
    </ClInclude>
    <ClInclude Include="be_aas_main.h">
      <Filter>Source Files\Header Files</Filter>
    </ClInclude>
    <ClInclude Include="be_aas_move.h">
      <Filter>Source Files\Header Files</Filter>
    </ClInclude>
    <ClInclude Include="be_aas_optimize.h">
      <Filter>Source Files\Header Files</Filter>
    </ClInclude>
    <ClInclude Include="be_aas_reach.h">
      <Filter>Source Files\Header Files</Filter>
    </ClInclude>
    <ClInclude Include="be_aas_route.h">
      <Filter>Source Files\Header Files</Filter>
    </ClInclude>
    <ClInclude Include="be_aas_routealt.h">
      <Filter>Source Files\Header Files</Filter>
    </ClInclude>
    <ClInclude Include="be_aas_sample.h">
      <Filter>Source Files\Header Files</Filter>
    </ClInclude>
    <ClInclude Include="be_ai_weight.h">
      <Filter>Source Files\Header Files</Filter>
    </ClInclude>
    <ClInclude Include="be_interface.h">
      <Filter>Source Files\Header Files</Filter>
    </ClInclude>
    <ClInclude Include="l_crc.h">
      <Filter>Source Files\Header Files</Filter>
    </ClInclude>
    <ClInclude Include="l_libvar.h">
      <Filter>Source Files\Header Files</Filter>
    </ClInclude>
    <ClInclude Include="l_log.h">
      <Filter>Source Files\Header Files</Filter>
    </ClInclude>
    <ClInclude Include="l_memory.h">
      <Filter>Source Files\Header Files</Filter>
    </ClInclude>
    <ClInclude Include="l_precomp.h">
      <Filter>Source Files\Header Files</Filter>
    </ClInclude>
    <ClInclude Include="l_script.h">
      <Filter>Source Files\Header Files</Filter>
    </ClInclude>
    <ClInclude Include="l_struct.h">
      <Filter>Source Files\Header Files</Filter>
    </ClInclude>
    <ClInclude Include="l_utils.h">
      <Filter>Source Files\Header Files</Filter>
    </ClInclude>
  </ItemGroup>
  <ItemGroup>
    <ClCompile Include="be_aas_bspq3.cpp">
      <Filter>Source Files</Filter>
    </ClCompile>
    <ClCompile Include="be_aas_cluster.cpp">
      <Filter>Source Files</Filter>
    </ClCompile>
    <ClCompile Include="be_aas_debug.cpp">
      <Filter>Source Files</Filter>
    </ClCompile>
    <ClCompile Include="be_aas_entity.cpp">
      <Filter>Source Files</Filter>
    </ClCompile>
    <ClCompile Include="be_aas_file.cpp">
      <Filter>Source Files</Filter>
    </ClCompile>
    <ClCompile Include="be_aas_main.cpp">
      <Filter>Source Files</Filter>
    </ClCompile>
    <ClCompile Include="be_aas_move.cpp">
      <Filter>Source Files</Filter>
    </ClCompile>
    <ClCompile Include="be_aas_optimize.cpp">
      <Filter>Source Files</Filter>
    </ClCompile>
    <ClCompile Include="be_aas_reach.cpp">
      <Filter>Source Files</Filter>
    </ClCompile>
    <ClCompile Include="be_aas_route.cpp">
      <Filter>Source Files</Filter>
    </ClCompile>
    <ClCompile Include="be_aas_routealt.cpp">
      <Filter>Source Files</Filter>
    </ClCompile>
    <ClCompile Include="be_aas_sample.cpp">
      <Filter>Source Files</Filter>
    </ClCompile>
    <ClCompile Include="be_ai_char.cpp">
      <Filter>Source Files</Filter>
    </ClCompile>
    <ClCompile Include="be_ai_chat.cpp">
      <Filter>Source Files</Filter>
    </ClCompile>
    <ClCompile Include="be_ai_gen.cpp">
      <Filter>Source Files</Filter>
    </ClCompile>
    <ClCompile Include="be_ai_goal.cpp">
      <Filter>Source Files</Filter>
    </ClCompile>
    <ClCompile Include="be_ai_move.cpp">
      <Filter>Source Files</Filter>
    </ClCompile>
    <ClCompile Include="be_ai_weap.cpp">
      <Filter>Source Files</Filter>
    </ClCompile>
    <ClCompile Include="be_ai_weight.cpp">
      <Filter>Source Files</Filter>
    </ClCompile>
    <ClCompile Include="be_ea.cpp">
      <Filter>Source Files</Filter>
    </ClCompile>
    <ClCompile Include="be_interface.cpp">
      <Filter>Source Files</Filter>
    </ClCompile>
    <ClCompile Include="l_crc.cpp">
      <Filter>Source Files</Filter>
    </ClCompile>
    <ClCompile Include="l_libvar.cpp">
      <Filter>Source Files</Filter>
    </ClCompile>
    <ClCompile Include="l_log.cpp">
      <Filter>Source Files</Filter>
    </ClCompile>
    <ClCompile Include="l_memory.cpp">
      <Filter>Source Files</Filter>
    </ClCompile>
    <ClCompile Include="l_precomp.cpp">
      <Filter>Source Files</Filter>
    </ClCompile>
    <ClCompile Include="l_script.cpp">
      <Filter>Source Files</Filter>
    </ClCompile>
    <ClCompile Include="l_struct.cpp">
      <Filter>Source Files</Filter>
    </ClCompile>
  </ItemGroup>
</Project>